
Microsoft Visual Studio Solution File, Format Version 12.00
# Visual Studio 15
VisualStudioVersion = 15.0.27428.2015
MinimumVisualStudioVersion = 10.0.40219.1
Project("{FAE04EC0-301F-11D3-BF4B-00C04F79EFBC}") = "Wetr.Server", "Wetr.Server\Wetr.Server.csproj", "{5A3D8026-956F-4EAA-B032-75E5A3D22325}"
EndProject
Project("{FAE04EC0-301F-11D3-BF4B-00C04F79EFBC}") = "Wetr.Server.DAL.DTO", "Wetr.Server.DAL.DTO\Wetr.Server.DAL.DTO.csproj", "{1383906A-AE75-4553-8641-BD9847B3ABAB}"
EndProject
Project("{FAE04EC0-301F-11D3-BF4B-00C04F79EFBC}") = "Wetr.Server.DAL.IDAO", "Wetr.Server.DAL.IDAO\Wetr.Server.DAL.IDAO.csproj", "{BF1131A7-32B9-4DF8-8BAC-FBCD47BE9E32}"
EndProject
Project("{FAE04EC0-301F-11D3-BF4B-00C04F79EFBC}") = "Wetr.Server.DAL.DAO", "Wer.Server.DAL.DAO\Wetr.Server.DAL.DAO.csproj", "{885F256E-C515-462F-A2F7-A307E37C592A}"
EndProject
Project("{FAE04EC0-301F-11D3-BF4B-00C04F79EFBC}") = "Wetr.Server.TestApplication", "Wetr.Server.TestApplication\Wetr.Server.TestApplication.csproj", "{5B6D830A-DBF0-4B6C-83D0-68CE92400F20}"
EndProject
Project("{FAE04EC0-301F-11D3-BF4B-00C04F79EFBC}") = "Wetr.Server.Common", "Wetr.Server.Common\Wetr.Server.Common.csproj", "{69A5EE7A-F516-444E-B11F-61360D57F39F}"
EndProject
Global
	GlobalSection(SolutionConfigurationPlatforms) = preSolution
		Debug|Any CPU = Debug|Any CPU
		Release|Any CPU = Release|Any CPU
	EndGlobalSection
	GlobalSection(ProjectConfigurationPlatforms) = postSolution
		{5A3D8026-956F-4EAA-B032-75E5A3D22325}.Debug|Any CPU.ActiveCfg = Debug|Any CPU
		{5A3D8026-956F-4EAA-B032-75E5A3D22325}.Debug|Any CPU.Build.0 = Debug|Any CPU
		{5A3D8026-956F-4EAA-B032-75E5A3D22325}.Release|Any CPU.ActiveCfg = Release|Any CPU
		{5A3D8026-956F-4EAA-B032-75E5A3D22325}.Release|Any CPU.Build.0 = Release|Any CPU
		{1383906A-AE75-4553-8641-BD9847B3ABAB}.Debug|Any CPU.ActiveCfg = Debug|Any CPU
		{1383906A-AE75-4553-8641-BD9847B3ABAB}.Debug|Any CPU.Build.0 = Debug|Any CPU
		{1383906A-AE75-4553-8641-BD9847B3ABAB}.Release|Any CPU.ActiveCfg = Release|Any CPU
		{1383906A-AE75-4553-8641-BD9847B3ABAB}.Release|Any CPU.Build.0 = Release|Any CPU
		{BF1131A7-32B9-4DF8-8BAC-FBCD47BE9E32}.Debug|Any CPU.ActiveCfg = Debug|Any CPU
		{BF1131A7-32B9-4DF8-8BAC-FBCD47BE9E32}.Debug|Any CPU.Build.0 = Debug|Any CPU
		{BF1131A7-32B9-4DF8-8BAC-FBCD47BE9E32}.Release|Any CPU.ActiveCfg = Release|Any CPU
		{BF1131A7-32B9-4DF8-8BAC-FBCD47BE9E32}.Release|Any CPU.Build.0 = Release|Any CPU
		{885F256E-C515-462F-A2F7-A307E37C592A}.Debug|Any CPU.ActiveCfg = Debug|Any CPU
		{885F256E-C515-462F-A2F7-A307E37C592A}.Debug|Any CPU.Build.0 = Debug|Any CPU
		{885F256E-C515-462F-A2F7-A307E37C592A}.Release|Any CPU.ActiveCfg = Release|Any CPU
		{885F256E-C515-462F-A2F7-A307E37C592A}.Release|Any CPU.Build.0 = Release|Any CPU
		{5B6D830A-DBF0-4B6C-83D0-68CE92400F20}.Debug|Any CPU.ActiveCfg = Debug|Any CPU
		{5B6D830A-DBF0-4B6C-83D0-68CE92400F20}.Debug|Any CPU.Build.0 = Debug|Any CPU
		{5B6D830A-DBF0-4B6C-83D0-68CE92400F20}.Release|Any CPU.ActiveCfg = Release|Any CPU
		{5B6D830A-DBF0-4B6C-83D0-68CE92400F20}.Release|Any CPU.Build.0 = Release|Any CPU
		{69A5EE7A-F516-444E-B11F-61360D57F39F}.Debug|Any CPU.ActiveCfg = Debug|Any CPU
		{69A5EE7A-F516-444E-B11F-61360D57F39F}.Debug|Any CPU.Build.0 = Debug|Any CPU
		{69A5EE7A-F516-444E-B11F-61360D57F39F}.Release|Any CPU.ActiveCfg = Release|Any CPU
		{69A5EE7A-F516-444E-B11F-61360D57F39F}.Release|Any CPU.Build.0 = Release|Any CPU
	EndGlobalSection
	GlobalSection(SolutionProperties) = preSolution
		HideSolutionNode = FALSE
	EndGlobalSection
	GlobalSection(ExtensibilityGlobals) = postSolution
		SolutionGuid = {1F5D519F-BB74-4595-A1BB-E42A2C42E9E3}
	EndGlobalSection
EndGlobal
