
Microsoft Visual Studio Solution File, Format Version 12.00
# Visual Studio 15
VisualStudioVersion = 15.0.27428.2015
MinimumVisualStudioVersion = 10.0.40219.1
Project("{FAE04EC0-301F-11D3-BF4B-00C04F79EFBC}") = "Wetr.Cockpit", "Wetr.Cockpit\Wetr.Cockpit.csproj", "{0BDDB123-874D-43A7-841C-B191749D2FFB}"
EndProject
Global
	GlobalSection(SolutionConfigurationPlatforms) = preSolution
		Debug|Any CPU = Debug|Any CPU
		Release|Any CPU = Release|Any CPU
	EndGlobalSection
	GlobalSection(ProjectConfigurationPlatforms) = postSolution
		{0BDDB123-874D-43A7-841C-B191749D2FFB}.Debug|Any CPU.ActiveCfg = Debug|Any CPU
		{0BDDB123-874D-43A7-841C-B191749D2FFB}.Debug|Any CPU.Build.0 = Debug|Any CPU
		{0BDDB123-874D-43A7-841C-B191749D2FFB}.Release|Any CPU.ActiveCfg = Release|Any CPU
		{0BDDB123-874D-43A7-841C-B191749D2FFB}.Release|Any CPU.Build.0 = Release|Any CPU
	EndGlobalSection
	GlobalSection(SolutionProperties) = preSolution
		HideSolutionNode = FALSE
	EndGlobalSection
	GlobalSection(ExtensibilityGlobals) = postSolution
		SolutionGuid = {4F320D2E-143E-4FFD-AEFB-17C4C23D1F20}
	EndGlobalSection
EndGlobal
